
Microsoft Visual Studio Solution File, Format Version 12.00
# Visual Studio Version 17
VisualStudioVersion = 17.1.32319.34
MinimumVisualStudioVersion = 10.0.40219.1
Project("{FAE04EC0-301F-11D3-BF4B-00C04F79EFBC}") = "Assessment", "Assessment.csproj", "{1EEA8FD4-F917-4E4A-9F9B-8BD833025EDE}"
EndProject
Global
	GlobalSection(SolutionConfigurationPlatforms) = preSolution
		Debug|Any CPU = Debug|Any CPU
		Release|Any CPU = Release|Any CPU
	EndGlobalSection
	GlobalSection(ProjectConfigurationPlatforms) = postSolution
		{1EEA8FD4-F917-4E4A-9F9B-8BD833025EDE}.Debug|Any CPU.ActiveCfg = Debug|Any CPU
		{1EEA8FD4-F917-4E4A-9F9B-8BD833025EDE}.Debug|Any CPU.Build.0 = Debug|Any CPU
		{1EEA8FD4-F917-4E4A-9F9B-8BD833025EDE}.Release|Any CPU.ActiveCfg = Release|Any CPU
		{1EEA8FD4-F917-4E4A-9F9B-8BD833025EDE}.Release|Any CPU.Build.0 = Release|Any CPU
	EndGlobalSection
	GlobalSection(SolutionProperties) = preSolution
		HideSolutionNode = FALSE
	EndGlobalSection
	GlobalSection(ExtensibilityGlobals) = postSolution
		SolutionGuid = {73533FF3-1948-4F51-86BF-52197351B409}
	EndGlobalSection
EndGlobal
